# @generated - this file is auto-generated by `mise lock` https://mise.jdx.dev/dev-tools/mise-lock.html

[[tools.actionlint]]
version = "1.7.11"
backend = "aqua:rhysd/actionlint"

[tools.actionlint."platforms.linux-arm64"]
checksum = "sha256:21bc0dfb57a913fe175298c2a9e906ee630f747cb66d0a934d0d4b69f4ee1235"
url = "https://github.com/rhysd/actionlint/releases/download/v1.7.11/actionlint_1.7.11_linux_arm64.tar.gz"

[tools.actionlint."platforms.linux-arm64-musl"]
checksum = "sha256:21bc0dfb57a913fe175298c2a9e906ee630f747cb66d0a934d0d4b69f4ee1235"
url = "https://github.com/rhysd/actionlint/releases/download/v1.7.11/actionlint_1.7.11_linux_arm64.tar.gz"

[tools.actionlint."platforms.linux-x64"]
checksum = "sha256:900919a84f2229bac68ca9cd4103ea297abc35e9689ebb842c6e34a3d1b01b0a"
url = "https://github.com/rhysd/actionlint/releases/download/v1.7.11/actionlint_1.7.11_linux_amd64.tar.gz"
provenance = "github-attestations"

[tools.actionlint."platforms.linux-x64-musl"]
checksum = "sha256:900919a84f2229bac68ca9cd4103ea297abc35e9689ebb842c6e34a3d1b01b0a"
url = "https://github.com/rhysd/actionlint/releases/download/v1.7.11/actionlint_1.7.11_linux_amd64.tar.gz"

[tools.actionlint."platforms.macos-arm64"]
checksum = "sha256:a21ba7366d8329e7223faee0ed69eb13da27fe8acabb356bb7eb0b7f1e1cb6d8"
url = "https://github.com/rhysd/actionlint/releases/download/v1.7.11/actionlint_1.7.11_darwin_arm64.tar.gz"

[tools.actionlint."platforms.macos-x64"]
checksum = "sha256:17ffc17fed8f0258ef6ad4aed932d3272464c7ef7d64e1cb0d65aa97c9752107"
url = "https://github.com/rhysd/actionlint/releases/download/v1.7.11/actionlint_1.7.11_darwin_amd64.tar.gz"

[tools.actionlint."platforms.windows-x64"]
checksum = "sha256:5414b7124a91f4b5abee62e5c9d84802237734f8d15b9b7032732a32c3ebffa3"
url = "https://github.com/rhysd/actionlint/releases/download/v1.7.11/actionlint_1.7.11_windows_amd64.zip"

[[tools.kubectl]]
version = "1.34.5"
backend = "aqua:kubernetes/kubernetes/kubectl"

[tools.kubectl."platforms.linux-arm64"]
checksum = "sha256:2d433b53b99ea532f877df6fa5044286e3950d4933967ac3d99262760bc649fd"
url = "https://dl.k8s.io/v1.34.5/bin/linux/arm64/kubectl"

[tools.kubectl."platforms.linux-arm64-musl"]
checksum = "sha256:2d433b53b99ea532f877df6fa5044286e3950d4933967ac3d99262760bc649fd"
url = "https://dl.k8s.io/v1.34.5/bin/linux/arm64/kubectl"

[tools.kubectl."platforms.linux-x64"]
checksum = "sha256:6a17dd8387783b3144a65535e38d02c351027e9718ea34a6c360476cb26d28bb"
url = "https://dl.k8s.io/v1.34.5/bin/linux/amd64/kubectl"

[tools.kubectl."platforms.linux-x64-musl"]
checksum = "sha256:6a17dd8387783b3144a65535e38d02c351027e9718ea34a6c360476cb26d28bb"
url = "https://dl.k8s.io/v1.34.5/bin/linux/amd64/kubectl"

[tools.kubectl."platforms.macos-arm64"]
checksum = "sha256:0c0b575db594e0f8842aa44e5d36b224bb9f8bf4b92cd34c0547d29b61a0277f"
url = "https://dl.k8s.io/v1.34.5/bin/darwin/arm64/kubectl"

[tools.kubectl."platforms.macos-x64"]
checksum = "sha256:61ccfd05992fcc1135818d25691e55997155e914c98b704df7ddd542339a93cb"
url = "https://dl.k8s.io/v1.34.5/bin/darwin/amd64/kubectl"

[tools.kubectl."platforms.windows-x64"]
checksum = "sha256:ecaabd85663e2beece62c53bcf4ad999e1959f60abd69188837e1a22d98604eb"
url = "https://dl.k8s.io/v1.34.5/bin/windows/amd64/kubectl.exe"

[[tools.node]]
version = "25.8.0"
backend = "core:node"

[tools.node."platforms.linux-arm64"]
checksum = "sha256:54c128f5286a4392a1fd1c765729b074a6873abff8a4f9bb3d63d571c2855e41"
url = "https://nodejs.org/dist/v25.8.0/node-v25.8.0-linux-arm64.tar.gz"

[tools.node."platforms.linux-arm64-musl"]
checksum = "sha256:54c128f5286a4392a1fd1c765729b074a6873abff8a4f9bb3d63d571c2855e41"
url = "https://nodejs.org/dist/v25.8.0/node-v25.8.0-linux-arm64.tar.gz"

[tools.node."platforms.linux-x64"]
checksum = "sha256:2ae6f70d74a459c0a96456e486dc60f3e7e65d7752ad302771834e58b27500af"
url = "https://nodejs.org/dist/v25.8.0/node-v25.8.0-linux-x64.tar.gz"

[tools.node."platforms.linux-x64-musl"]
checksum = "sha256:2ae6f70d74a459c0a96456e486dc60f3e7e65d7752ad302771834e58b27500af"
url = "https://nodejs.org/dist/v25.8.0/node-v25.8.0-linux-x64.tar.gz"

[tools.node."platforms.macos-arm64"]
checksum = "sha256:75ff6fd07e0a85fb4d2529f6189c996014b1d3d83180c31e65feb2b3eaeec5d9"
url = "https://nodejs.org/dist/v25.8.0/node-v25.8.0-darwin-arm64.tar.gz"

[tools.node."platforms.macos-x64"]
checksum = "sha256:03fb559600c3ede0228d8b588ac6ad8b7b2cd0bac9422b56e7e2ef7f5c11b67c"
url = "https://nodejs.org/dist/v25.8.0/node-v25.8.0-darwin-x64.tar.gz"

[tools.node."platforms.windows-x64"]
checksum = "sha256:5744746371a417179a701044739b5fa2b3164e943aa57f86059fb312f8032e86"
url = "https://nodejs.org/dist/v25.8.0/node-v25.8.0-win-x64.zip"

[[tools.pre-commit]]
version = "4.5.1"
backend = "aqua:pre-commit/pre-commit"

[tools.pre-commit."platforms.linux-arm64"]
checksum = "sha256:19d00ba35cbf9c04dc3736cd8bb641e8633f3eddd4cedde71809574ae68a2cd1"
url = "https://github.com/pre-commit/pre-commit/releases/download/v4.5.1/pre-commit-4.5.1.pyz"

[tools.pre-commit."platforms.linux-arm64-musl"]
checksum = "sha256:19d00ba35cbf9c04dc3736cd8bb641e8633f3eddd4cedde71809574ae68a2cd1"
url = "https://github.com/pre-commit/pre-commit/releases/download/v4.5.1/pre-commit-4.5.1.pyz"

[tools.pre-commit."platforms.linux-x64"]
checksum = "sha256:19d00ba35cbf9c04dc3736cd8bb641e8633f3eddd4cedde71809574ae68a2cd1"
url = "https://github.com/pre-commit/pre-commit/releases/download/v4.5.1/pre-commit-4.5.1.pyz"

[tools.pre-commit."platforms.linux-x64-musl"]
checksum = "sha256:19d00ba35cbf9c04dc3736cd8bb641e8633f3eddd4cedde71809574ae68a2cd1"
url = "https://github.com/pre-commit/pre-commit/releases/download/v4.5.1/pre-commit-4.5.1.pyz"

[tools.pre-commit."platforms.macos-arm64"]
checksum = "sha256:19d00ba35cbf9c04dc3736cd8bb641e8633f3eddd4cedde71809574ae68a2cd1"
url = "https://github.com/pre-commit/pre-commit/releases/download/v4.5.1/pre-commit-4.5.1.pyz"

[tools.pre-commit."platforms.macos-x64"]
checksum = "sha256:19d00ba35cbf9c04dc3736cd8bb641e8633f3eddd4cedde71809574ae68a2cd1"
url = "https://github.com/pre-commit/pre-commit/releases/download/v4.5.1/pre-commit-4.5.1.pyz"

[[tools.python]]
version = "3.12.13"
backend = "core:python"

[tools.python."platforms.linux-arm64"]
checksum = "sha256:3fb2841e49c95c8eafa5354a9eb4c279af53e97859ac6b2b418a4fa291aa2700"
url = "https://github.com/astral-sh/python-build-standalone/releases/download/20260310/cpython-3.12.13+20260310-aarch64-unknown-linux-gnu-install_only_stripped.tar.gz"

[tools.python."platforms.linux-arm64-musl"]
checksum = "sha256:3fb2841e49c95c8eafa5354a9eb4c279af53e97859ac6b2b418a4fa291aa2700"
url = "https://github.com/astral-sh/python-build-standalone/releases/download/20260310/cpython-3.12.13+20260310-aarch64-unknown-linux-gnu-install_only_stripped.tar.gz"

[tools.python."platforms.linux-x64"]
checksum = "sha256:7e08911171bd1ea2af43ae9d54917d9b2179d2cba4057057e0fd3c8ac1469368"
url = "https://github.com/astral-sh/python-build-standalone/releases/download/20260310/cpython-3.12.13+20260310-x86_64-unknown-linux-gnu-install_only_stripped.tar.gz"

[tools.python."platforms.linux-x64-musl"]
checksum = "sha256:7e08911171bd1ea2af43ae9d54917d9b2179d2cba4057057e0fd3c8ac1469368"
url = "https://github.com/astral-sh/python-build-standalone/releases/download/20260310/cpython-3.12.13+20260310-x86_64-unknown-linux-gnu-install_only_stripped.tar.gz"

[tools.python."platforms.macos-arm64"]
checksum = "sha256:130e8e279f7ac2c98511af79c8215bb8a4705c23706a76fafce2f4eaa64560be"
url = "https://github.com/astral-sh/python-build-standalone/releases/download/20260310/cpython-3.12.13+20260310-aarch64-apple-darwin-install_only_stripped.tar.gz"

[tools.python."platforms.macos-x64"]
checksum = "sha256:6182bbafb4d7a6a8a8ca488471f8d37beeb96cf91ad47d157e2b054f392aa76f"
url = "https://github.com/astral-sh/python-build-standalone/releases/download/20260310/cpython-3.12.13+20260310-x86_64-apple-darwin-install_only_stripped.tar.gz"

[tools.python."platforms.windows-x64"]
checksum = "sha256:a814e8406b698ad491e1073717d644479e86abf34a3d5897b4d581381b4b8164"
url = "https://github.com/astral-sh/python-build-standalone/releases/download/20260310/cpython-3.12.13+20260310-x86_64-pc-windows-msvc-install_only_stripped.tar.gz"

[[tools.ruff]]
version = "0.15.5"
backend = "aqua:astral-sh/ruff"

[tools.ruff."platforms.linux-arm64"]
checksum = "sha256:ae22fb3b6ad85cff59abf147d572d266397f42b73e51e6d55dba56fb3430fe1d"
url = "https://github.com/astral-sh/ruff/releases/download/0.15.5/ruff-aarch64-unknown-linux-musl.tar.gz"

[tools.ruff."platforms.linux-arm64-musl"]
checksum = "sha256:ae22fb3b6ad85cff59abf147d572d266397f42b73e51e6d55dba56fb3430fe1d"
url = "https://github.com/astral-sh/ruff/releases/download/0.15.5/ruff-aarch64-unknown-linux-musl.tar.gz"

[tools.ruff."platforms.linux-x64"]
checksum = "sha256:da9b5c8ba7a789fe3bcf6287ea58ccbac9328a711b7674681706106e7580a836"
url = "https://github.com/astral-sh/ruff/releases/download/0.15.5/ruff-x86_64-unknown-linux-musl.tar.gz"
provenance = "github-attestations"

[tools.ruff."platforms.linux-x64-musl"]
checksum = "sha256:da9b5c8ba7a789fe3bcf6287ea58ccbac9328a711b7674681706106e7580a836"
url = "https://github.com/astral-sh/ruff/releases/download/0.15.5/ruff-x86_64-unknown-linux-musl.tar.gz"

[tools.ruff."platforms.macos-arm64"]
checksum = "sha256:f39400f9504c940fa4eb46b02e2d4889a9f86b81ce4c57bda02ea3568894d094"
url = "https://github.com/astral-sh/ruff/releases/download/0.15.5/ruff-aarch64-apple-darwin.tar.gz"

[tools.ruff."platforms.macos-x64"]
checksum = "sha256:1e01b0d6354f14dac0f4de7a89488d18e00f8aa37ce3635b55bcaf1357b2a375"
url = "https://github.com/astral-sh/ruff/releases/download/0.15.5/ruff-x86_64-apple-darwin.tar.gz"

[tools.ruff."platforms.windows-x64"]
checksum = "sha256:9b71926a755bdefa151b7579cd5e19840e9df0ab2828c762241f1b773882d939"
url = "https://github.com/astral-sh/ruff/releases/download/0.15.5/ruff-x86_64-pc-windows-msvc.zip"

[[tools.shellcheck]]
version = "0.11.0"
backend = "aqua:koalaman/shellcheck"

[tools.shellcheck."platforms.linux-arm64"]
checksum = "sha256:12b331c1d2db6b9eb13cfca64306b1b157a86eb69db83023e261eaa7e7c14588"
url = "https://github.com/koalaman/shellcheck/releases/download/v0.11.0/shellcheck-v0.11.0.linux.aarch64.tar.xz"

[tools.shellcheck."platforms.linux-arm64-musl"]
checksum = "sha256:12b331c1d2db6b9eb13cfca64306b1b157a86eb69db83023e261eaa7e7c14588"
url = "https://github.com/koalaman/shellcheck/releases/download/v0.11.0/shellcheck-v0.11.0.linux.aarch64.tar.xz"

[tools.shellcheck."platforms.linux-x64"]
checksum = "sha256:8c3be12b05d5c177a04c29e3c78ce89ac86f1595681cab149b65b97c4e227198"
url = "https://github.com/koalaman/shellcheck/releases/download/v0.11.0/shellcheck-v0.11.0.linux.x86_64.tar.xz"

[tools.shellcheck."platforms.linux-x64-musl"]
checksum = "sha256:8c3be12b05d5c177a04c29e3c78ce89ac86f1595681cab149b65b97c4e227198"
url = "https://github.com/koalaman/shellcheck/releases/download/v0.11.0/shellcheck-v0.11.0.linux.x86_64.tar.xz"

[tools.shellcheck."platforms.macos-arm64"]
checksum = "sha256:56affdd8de5527894dca6dc3d7e0a99a873b0f004d7aabc30ae407d3f48b0a79"
url = "https://github.com/koalaman/shellcheck/releases/download/v0.11.0/shellcheck-v0.11.0.darwin.aarch64.tar.xz"

[tools.shellcheck."platforms.macos-x64"]
checksum = "sha256:3c89db4edcab7cf1c27bff178882e0f6f27f7afdf54e859fa041fca10febe4c6"
url = "https://github.com/koalaman/shellcheck/releases/download/v0.11.0/shellcheck-v0.11.0.darwin.x86_64.tar.xz"

[tools.shellcheck."platforms.windows-x64"]
checksum = "sha256:8a4e35ab0b331c85d73567b12f2a444df187f483e5079ceffa6bda1faa2e740e"
url = "https://github.com/koalaman/shellcheck/releases/download/v0.11.0/shellcheck-v0.11.0.zip"

[[tools.shfmt]]
version = "3.12.0"
backend = "aqua:mvdan/sh"

[tools.shfmt."platforms.linux-arm64"]
checksum = "sha256:5f3fe3fa6a9f766e6a182ba79a94bef8afedafc57db0b1ad32b0f67fae971ba4"
url = "https://github.com/mvdan/sh/releases/download/v3.12.0/shfmt_v3.12.0_linux_arm64"

[tools.shfmt."platforms.linux-arm64-musl"]
checksum = "sha256:5f3fe3fa6a9f766e6a182ba79a94bef8afedafc57db0b1ad32b0f67fae971ba4"
url = "https://github.com/mvdan/sh/releases/download/v3.12.0/shfmt_v3.12.0_linux_arm64"

[tools.shfmt."platforms.linux-x64"]
checksum = "sha256:d9fbb2a9c33d13f47e7618cf362a914d029d02a6df124064fff04fd688a745ea"
url = "https://github.com/mvdan/sh/releases/download/v3.12.0/shfmt_v3.12.0_linux_amd64"

[tools.shfmt."platforms.linux-x64-musl"]
checksum = "sha256:d9fbb2a9c33d13f47e7618cf362a914d029d02a6df124064fff04fd688a745ea"
url = "https://github.com/mvdan/sh/releases/download/v3.12.0/shfmt_v3.12.0_linux_amd64"

[tools.shfmt."platforms.macos-arm64"]
checksum = "sha256:d903802e0ce3ecbc82b98512f55ba370b0d37a93f3f78de394f5b657052b33dd"
url = "https://github.com/mvdan/sh/releases/download/v3.12.0/shfmt_v3.12.0_darwin_arm64"

[tools.shfmt."platforms.macos-x64"]
checksum = "sha256:c31548693de6584e6164b7ed5fbb7b4a083f2d937ca94b4e0ddf59aa461a85e4"
url = "https://github.com/mvdan/sh/releases/download/v3.12.0/shfmt_v3.12.0_darwin_amd64"

[tools.shfmt."platforms.windows-x64"]
checksum = "sha256:c8bda517ba1c640ce4a715c0fa665439ddbe4357ba5e9b77b0e51e70e2b9c94b"
url = "https://github.com/mvdan/sh/releases/download/v3.12.0/shfmt_v3.12.0_windows_amd64.exe"

[[tools.uv]]
version = "0.10.8"
backend = "aqua:astral-sh/uv"

[tools.uv."platforms.linux-arm64"]
checksum = "sha256:2ef0d0489e9e2a32f134ca80097fa36be4b486c4ab004706a1d6d0d57980ff07"
url = "https://github.com/astral-sh/uv/releases/download/0.10.8/uv-aarch64-unknown-linux-musl.tar.gz"

[tools.uv."platforms.linux-arm64-musl"]
checksum = "sha256:2ef0d0489e9e2a32f134ca80097fa36be4b486c4ab004706a1d6d0d57980ff07"
url = "https://github.com/astral-sh/uv/releases/download/0.10.8/uv-aarch64-unknown-linux-musl.tar.gz"

[tools.uv."platforms.linux-x64"]
checksum = "sha256:a4e6ad1aecac61077de548d2cc9ccf2c2f1848863312b3b59fb0d2eb8d8a043c"
url = "https://github.com/astral-sh/uv/releases/download/0.10.8/uv-x86_64-unknown-linux-musl.tar.gz"
provenance = "github-attestations"

[tools.uv."platforms.linux-x64-musl"]
checksum = "sha256:a4e6ad1aecac61077de548d2cc9ccf2c2f1848863312b3b59fb0d2eb8d8a043c"
url = "https://github.com/astral-sh/uv/releases/download/0.10.8/uv-x86_64-unknown-linux-musl.tar.gz"

[tools.uv."platforms.macos-arm64"]
checksum = "sha256:c3a6fff5b6b4abddff863117878194e35dbc6b0267d61ad259ab9896f9b8dcbb"
url = "https://github.com/astral-sh/uv/releases/download/0.10.8/uv-aarch64-apple-darwin.tar.gz"

[tools.uv."platforms.macos-x64"]
checksum = "sha256:e0a1b22b039f8155765f5bc8c13df03a5f994a901901179791572e8e5f053281"
url = "https://github.com/astral-sh/uv/releases/download/0.10.8/uv-x86_64-apple-darwin.tar.gz"

[tools.uv."platforms.windows-x64"]
checksum = "sha256:2e70ecd22196cbd9d14eefb700814bcafc5b75a0d8275b52e8402e5fe256d928"
url = "https://github.com/astral-sh/uv/releases/download/0.10.8/uv-x86_64-pc-windows-msvc.zip"
